// !$*UTF8*$!
{
	archiveVersion = 1;
	classes = {
	};
	objectVersion = 77;
	objects = {

/* Begin PBXContainerItemProxy section */
		C4F2FB522E0FD627005D995A /* PBXContainerItemProxy */ = {
			isa = PBXContainerItemProxy;
			containerPortal = C4F2FB372E0FD624005D995A /* Project object */;
			proxyType = 1;
			remoteGlobalIDString = C4F2FB3E2E0FD624005D995A;
			remoteInfo = MiniMCommerce;
		};
		C4F2FB5C2E0FD627005D995A /* PBXContainerItemProxy */ = {
			isa = PBXContainerItemProxy;
			containerPortal = C4F2FB372E0FD624005D995A /* Project object */;
			proxyType = 1;
			remoteGlobalIDString = C4F2FB3E2E0FD624005D995A;
			remoteInfo = MiniMCommerce;
		};
/* End PBXContainerItemProxy section */

/* Begin PBXFileReference section */
		C4F2FB3F2E0FD624005D995A /* MiniMCommerce.app */ = {isa = PBXFileReference; explicitFileType = wrapper.application; includeInIndex = 0; path = MiniMCommerce.app; sourceTree = BUILT_PRODUCTS_DIR; };
		C4F2FB512E0FD627005D995A /* MiniMCommerceTests.xctest */ = {isa = PBXFileReference; explicitFileType = wrapper.cfbundle; includeInIndex = 0; path = MiniMCommerceTests.xctest; sourceTree = BUILT_PRODUCTS_DIR; };
		C4F2FB5B2E0FD627005D995A /* MiniMCommerceUITests.xctest */ = {isa = PBXFileReference; explicitFileType = wrapper.cfbundle; includeInIndex = 0; path = MiniMCommerceUITests.xctest; sourceTree = BUILT_PRODUCTS_DIR; };
/* End PBXFileReference section */

/* Begin PBXFileSystemSynchronizedRootGroup section */
		C4F2FB412E0FD624005D995A /* MiniMCommerce */ = {
			isa = PBXFileSystemSynchronizedRootGroup;
			path = MiniMCommerce;
			sourceTree = "<group>";
		};
		C4F2FB542E0FD627005D995A /* MiniMCommerceTests */ = {
			isa = PBXFileSystemSynchronizedRootGroup;
			path = MiniMCommerceTests;
			sourceTree = "<group>";
		};
		C4F2FB5E2E0FD627005D995A /* MiniMCommerceUITests */ = {
			isa = PBXFileSystemSynchronizedRootGroup;
			path = MiniMCommerceUITests;
			sourceTree = "<group>";
		};
/* End PBXFileSystemSynchronizedRootGroup section */

/* Begin PBXFrameworksBuildPhase section */
		C4F2FB3C2E0FD624005D995A /* Frameworks */ = {
			isa = PBXFrameworksBuildPhase;
			buildActionMask = 2147483647;
			files = (
			);
			runOnlyForDeploymentPostprocessing = 0;
		};
		C4F2FB4E2E0FD627005D995A /* Frameworks */ = {
			isa = PBXFrameworksBuildPhase;
			buildActionMask = 2147483647;
			files = (
			);
			runOnlyForDeploymentPostprocessing = 0;
		};
		C4F2FB582E0FD627005D995A /* Frameworks */ = {
			isa = PBXFrameworksBuildPhase;
			buildActionMask = 2147483647;
			files = (
			);
			runOnlyForDeploymentPostprocessing = 0;
		};
/* End PBXFrameworksBuildPhase section */

/* Begin PBXGroup section */
		C4F2FB362E0FD624005D995A = {
			isa = PBXGroup;
			children = (
				C4F2FB412E0FD624005D995A /* MiniMCommerce */,
				C4F2FB542E0FD627005D995A /* MiniMCommerceTests */,
				C4F2FB5E2E0FD627005D995A /* MiniMCommerceUITests */,
				C4F2FB402E0FD624005D995A /* Products */,
			);
			sourceTree = "<group>";
		};
		C4F2FB402E0FD624005D995A /* Products */ = {
			isa = PBXGroup;
			children = (
				C4F2FB3F2E0FD624005D995A /* MiniMCommerce.app */,
				C4F2FB512E0FD627005D995A /* MiniMCommerceTests.xctest */,
				C4F2FB5B2E0FD627005D995A /* MiniMCommerceUITests.xctest */,
			);
			name = Products;
			sourceTree = "<group>";
		};
/* End PBXGroup section */

/* Begin PBXNativeTarget section */
		C4F2FB3E2E0FD624005D995A /* MiniMCommerce */ = {
			isa = PBXNativeTarget;
			buildConfigurationList = C4F2FB652E0FD627005D995A /* Build configuration list for PBXNativeTarget "MiniMCommerce" */;
			buildPhases = (
				C4F2FB3B2E0FD624005D995A /* Sources */,
				C4F2FB3C2E0FD624005D995A /* Frameworks */,
				C4F2FB3D2E0FD624005D995A /* Resources */,
			);
			buildRules = (
			);
			dependencies = (
			);
			fileSystemSynchronizedGroups = (
				C4F2FB412E0FD624005D995A /* MiniMCommerce */,
			);
			name = MiniMCommerce;
			packageProductDependencies = (
			);
			productName = MiniMCommerce;
			productReference = C4F2FB3F2E0FD624005D995A /* MiniMCommerce.app */;
			productType = "com.apple.product-type.application";
		};
		C4F2FB502E0FD627005D995A /* MiniMCommerceTests */ = {
			isa = PBXNativeTarget;
			buildConfigurationList = C4F2FB682E0FD627005D995A /* Build configuration list for PBXNativeTarget "MiniMCommerceTests" */;
			buildPhases = (
				C4F2FB4D2E0FD627005D995A /* Sources */,
				C4F2FB4E2E0FD627005D995A /* Frameworks */,
				C4F2FB4F2E0FD627005D995A /* Resources */,
			);
			buildRules = (
			);
			dependencies = (
				C4F2FB532E0FD627005D995A /* PBXTargetDependency */,
			);
			fileSystemSynchronizedGroups = (
				C4F2FB542E0FD627005D995A /* MiniMCommerceTests */,
			);
			name = MiniMCommerceTests;
			packageProductDependencies = (
			);
			productName = MiniMCommerceTests;
			productReference = C4F2FB512E0FD627005D995A /* MiniMCommerceTests.xctest */;
			productType = "com.apple.product-type.bundle.unit-test";
		};
		C4F2FB5A2E0FD627005D995A /* MiniMCommerceUITests */ = {
			isa = PBXNativeTarget;
			buildConfigurationList = C4F2FB6B2E0FD627005D995A /* Build configuration list for PBXNativeTarget "MiniMCommerceUITests" */;
			buildPhases = (
				C4F2FB572E0FD627005D995A /* Sources */,
				C4F2FB582E0FD627005D995A /* Frameworks */,
				C4F2FB592E0FD627005D995A /* Resources */,
			);
			buildRules = (
			);
			dependencies = (
				C4F2FB5D2E0FD627005D995A /* PBXTargetDependency */,
			);
			fileSystemSynchronizedGroups = (
				C4F2FB5E2E0FD627005D995A /* MiniMCommerceUITests */,
			);
			name = MiniMCommerceUITests;
			packageProductDependencies = (
			);
			productName = MiniMCommerceUITests;
			productReference = C4F2FB5B2E0FD627005D995A /* MiniMCommerceUITests.xctest */;
			productType = "com.apple.product-type.bundle.ui-testing";
		};
/* End PBXNativeTarget section */

/* Begin PBXProject section */
		C4F2FB372E0FD624005D995A /* Project object */ = {
			isa = PBXProject;
			attributes = {
				BuildIndependentTargetsInParallel = 1;
				LastSwiftUpdateCheck = 1640;
				LastUpgradeCheck = 1640;
				TargetAttributes = {
					C4F2FB3E2E0FD624005D995A = {
						CreatedOnToolsVersion = 16.4;
					};
					C4F2FB502E0FD627005D995A = {
						CreatedOnToolsVersion = 16.4;
						TestTargetID = C4F2FB3E2E0FD624005D995A;
					};
					C4F2FB5A2E0FD627005D995A = {
						CreatedOnToolsVersion = 16.4;
						TestTargetID = C4F2FB3E2E0FD624005D995A;
					};
				};
			};
			buildConfigurationList = C4F2FB3A2E0FD624005D995A /* Build configuration list for PBXProject "MiniMCommerce" */;
			developmentRegion = en;
			hasScannedForEncodings = 0;
			knownRegions = (
				en,
				Base,
			);
			mainGroup = C4F2FB362E0FD624005D995A;
			minimizedProjectReferenceProxies = 1;
			preferredProjectObjectVersion = 77;
			productRefGroup = C4F2FB402E0FD624005D995A /* Products */;
			projectDirPath = "";
			projectRoot = "";
			targets = (
				C4F2FB3E2E0FD624005D995A /* MiniMCommerce */,
				C4F2FB502E0FD627005D995A /* MiniMCommerceTests */,
				C4F2FB5A2E0FD627005D995A /* MiniMCommerceUITests */,
			);
		};
/* End PBXProject section */

/* Begin PBXResourcesBuildPhase section */
		C4F2FB3D2E0FD624005D995A /* Resources */ = {
			isa = PBXResourcesBuildPhase;
			buildActionMask = 2147483647;
			files = (
			);
			runOnlyForDeploymentPostprocessing = 0;
		};
		C4F2FB4F2E0FD627005D995A /* Resources */ = {
			isa = PBXResourcesBuildPhase;
			buildActionMask = 2147483647;
			files = (
			);
			runOnlyForDeploymentPostprocessing = 0;
		};
		C4F2FB592E0FD627005D995A /* Resources */ = {
			isa = PBXResourcesBuildPhase;
			buildActionMask = 2147483647;
			files = (
			);
			runOnlyForDeploymentPostprocessing = 0;
		};
/* End PBXResourcesBuildPhase section */

/* Begin PBXSourcesBuildPhase section */
		C4F2FB3B2E0FD624005D995A /* Sources */ = {
			isa = PBXSourcesBuildPhase;
			buildActionMask = 2147483647;
			files = (
			);
			runOnlyForDeploymentPostprocessing = 0;
		};
		C4F2FB4D2E0FD627005D995A /* Sources */ = {
			isa = PBXSourcesBuildPhase;
			buildActionMask = 2147483647;
			files = (
			);
			runOnlyForDeploymentPostprocessing = 0;
		};
		C4F2FB572E0FD627005D995A /* Sources */ = {
			isa = PBXSourcesBuildPhase;
			buildActionMask = 2147483647;
			files = (
			);
			runOnlyForDeploymentPostprocessing = 0;
		};
/* End PBXSourcesBuildPhase section */

/* Begin PBXTargetDependency section */
		C4F2FB532E0FD627005D995A /* PBXTargetDependency */ = {
			isa = PBXTargetDependency;
			target = C4F2FB3E2E0FD624005D995A /* MiniMCommerce */;
			targetProxy = C4F2FB522E0FD627005D995A /* PBXContainerItemProxy */;
		};
		C4F2FB5D2E0FD627005D995A /* PBXTargetDependency */ = {
			isa = PBXTargetDependency;
			target = C4F2FB3E2E0FD624005D995A /* MiniMCommerce */;
			targetProxy = C4F2FB5C2E0FD627005D995A /* PBXContainerItemProxy */;
		};
/* End PBXTargetDependency section */

/* Begin XCBuildConfiguration section */
		C4F2FB632E0FD627005D995A /* Debug */ = {
			isa = XCBuildConfiguration;
			buildSettings = {
				ALWAYS_SEARCH_USER_PATHS = NO;
				ASSETCATALOG_COMPILER_GENERATE_SWIFT_ASSET_SYMBOL_EXTENSIONS = YES;
				CLANG_ANALYZER_NONNULL = YES;
				CLANG_ANALYZER_NUMBER_OBJECT_CONVERSION = YES_AGGRESSIVE;
				CLANG_CXX_LANGUAGE_STANDARD = "gnu++20";
				CLANG_ENABLE_MODULES = YES;
				CLANG_ENABLE_OBJC_ARC = YES;
				CLANG_ENABLE_OBJC_WEAK = YES;
				CLANG_WARN_BLOCK_CAPTURE_AUTORELEASING = YES;
				CLANG_WARN_BOOL_CONVERSION = YES;
				CLANG_WARN_COMMA = YES;
				CLANG_WARN_CONSTANT_CONVERSION = YES;
				CLANG_WARN_DEPRECATED_OBJC_IMPLEMENTATIONS = YES;
				CLANG_WARN_DIRECT_OBJC_ISA_USAGE = YES_ERROR;
				CLANG_WARN_DOCUMENTATION_COMMENTS = YES;
				CLANG_WARN_EMPTY_BODY = YES;
				CLANG_WARN_ENUM_CONVERSION = YES;
				CLANG_WARN_INFINITE_RECURSION = YES;
				CLANG_WARN_INT_CONVERSION = YES;
				CLANG_WARN_NON_LITERAL_NULL_CONVERSION = YES;
				CLANG_WARN_OBJC_IMPLICIT_RETAIN_SELF = YES;
				CLANG_WARN_OBJC_LITERAL_CONVERSION = YES;
				CLANG_WARN_OBJC_ROOT_CLASS = YES_ERROR;
				CLANG_WARN_QUOTED_INCLUDE_IN_FRAMEWORK_HEADER = YES;
				CLANG_WARN_RANGE_LOOP_ANALYSIS = YES;
				CLANG_WARN_STRICT_PROTOTYPES = YES;
				CLANG_WARN_SUSPICIOUS_MOVE = YES;
				CLANG_WARN_UNGUARDED_AVAILABILITY = YES_AGGRESSIVE;
				CLANG_WARN_UNREACHABLE_CODE = YES;
				CLANG_WARN__DUPLICATE_METHOD_MATCH = YES;
				COPY_PHASE_STRIP = NO;
				DEBUG_INFORMATION_FORMAT = dwarf;
				ENABLE_STRICT_OBJC_MSGSEND = YES;
				ENABLE_TESTABILITY = YES;
				ENABLE_USER_SCRIPT_SANDBOXING = YES;
				GCC_C_LANGUAGE_STANDARD = gnu17;
				GCC_DYNAMIC_NO_PIC = NO;
				GCC_NO_COMMON_BLOCKS = YES;
				GCC_OPTIMIZATION_LEVEL = 0;
				GCC_PREPROCESSOR_DEFINITIONS = (
					"DEBUG=1",
					"$(inherited)",
				);
				GCC_WARN_64_TO_32_BIT_CONVERSION = YES;
				GCC_WARN_ABOUT_RETURN_TYPE = YES_ERROR;
				GCC_WARN_UNDECLARED_SELECTOR = YES;
				GCC_WARN_UNINITIALIZED_AUTOS = YES_AGGRESSIVE;
				GCC_WARN_UNUSED_FUNCTION = YES;
				GCC_WARN_UNUSED_VARIABLE = YES;
				IPHONEOS_DEPLOYMENT_TARGET = 18.5;
				LOCALIZATION_PREFERS_STRING_CATALOGS = YES;
				MTL_ENABLE_DEBUG_INFO = INCLUDE_SOURCE;
				MTL_FAST_MATH = YES;
				ONLY_ACTIVE_ARCH = YES;
				SDKROOT = iphoneos;
				SWIFT_ACTIVE_COMPILATION_CONDITIONS = "DEBUG $(inherited)";
				SWIFT_OPTIMIZATION_LEVEL = "-Onone";
			};
			name = Debug;
		};
		C4F2FB642E0FD627005D995A /* Release */ = {
			isa = XCBuildConfiguration;
			buildSettings = {
				ALWAYS_SEARCH_USER_PATHS = NO;
				ASSETCATALOG_COMPILER_GENERATE_SWIFT_ASSET_SYMBOL_EXTENSIONS = YES;
				CLANG_ANALYZER_NONNULL = YES;
				CLANG_ANALYZER_NUMBER_OBJECT_CONVERSION = YES_AGGRESSIVE;
				CLANG_CXX_LANGUAGE_STANDARD = "gnu++20";
				CLANG_ENABLE_MODULES = YES;
				CLANG_ENABLE_OBJC_ARC = YES;
				CLANG_ENABLE_OBJC_WEAK = YES;
				CLANG_WARN_BLOCK_CAPTURE_AUTORELEASING = YES;
				CLANG_WARN_BOOL_CONVERSION = YES;
				CLANG_WARN_COMMA = YES;
				CLANG_WARN_CONSTANT_CONVERSION = YES;
				CLANG_WARN_DEPRECATED_OBJC_IMPLEMENTATIONS = YES;
				CLANG_WARN_DIRECT_OBJC_ISA_USAGE = YES_ERROR;
				CLANG_WARN_DOCUMENTATION_COMMENTS = YES;
				CLANG_WARN_EMPTY_BODY = YES;
				CLANG_WARN_ENUM_CONVERSION = YES;
				CLANG_WARN_INFINITE_RECURSION = YES;
				CLANG_WARN_INT_CONVERSION = YES;
				CLANG_WARN_NON_LITERAL_NULL_CONVERSION = YES;
				CLANG_WARN_OBJC_IMPLICIT_RETAIN_SELF = YES;
				CLANG_WARN_OBJC_LITERAL_CONVERSION = YES;
				CLANG_WARN_OBJC_ROOT_CLASS = YES_ERROR;
				CLANG_WARN_QUOTED_INCLUDE_IN_FRAMEWORK_HEADER = YES;
				CLANG_WARN_RANGE_LOOP_ANALYSIS = YES;
				CLANG_WARN_STRICT_PROTOTYPES = YES;
				CLANG_WARN_SUSPICIOUS_MOVE = YES;
				CLANG_WARN_UNGUARDED_AVAILABILITY = YES_AGGRESSIVE;
				CLANG_WARN_UNREACHABLE_CODE = YES;
				CLANG_WARN__DUPLICATE_METHOD_MATCH = YES;
				COPY_PHASE_STRIP = NO;
				DEBUG_INFORMATION_FORMAT = "dwarf-with-dsym";
				ENABLE_NS_ASSERTIONS = NO;
				ENABLE_STRICT_OBJC_MSGSEND = YES;
				ENABLE_USER_SCRIPT_SANDBOXING = YES;
				GCC_C_LANGUAGE_STANDARD = gnu17;
				GCC_NO_COMMON_BLOCKS = YES;
				GCC_WARN_64_TO_32_BIT_CONVERSION = YES;
				GCC_WARN_ABOUT_RETURN_TYPE = YES_ERROR;
				GCC_WARN_UNDECLARED_SELECTOR = YES;
				GCC_WARN_UNINITIALIZED_AUTOS = YES_AGGRESSIVE;
				GCC_WARN_UNUSED_FUNCTION = YES;
				GCC_WARN_UNUSED_VARIABLE = YES;
				IPHONEOS_DEPLOYMENT_TARGET = 18.5;
				LOCALIZATION_PREFERS_STRING_CATALOGS = YES;
				MTL_ENABLE_DEBUG_INFO = NO;
				MTL_FAST_MATH = YES;
				SDKROOT = iphoneos;
				SWIFT_COMPILATION_MODE = wholemodule;
				VALIDATE_PRODUCT = YES;
			};
			name = Release;
		};
		C4F2FB662E0FD627005D995A /* Debug */ = {
			isa = XCBuildConfiguration;
			buildSettings = {
				ASSETCATALOG_COMPILER_APPICON_NAME = AppIcon;
				ASSETCATALOG_COMPILER_GLOBAL_ACCENT_COLOR_NAME = AccentColor;
				CODE_SIGN_STYLE = Automatic;
				CURRENT_PROJECT_VERSION = 1;
				ENABLE_PREVIEWS = YES;
				GENERATE_INFOPLIST_FILE = YES;
				INFOPLIST_KEY_UIApplicationSceneManifest_Generation = YES;
				INFOPLIST_KEY_UIApplicationSupportsIndirectInputEvents = YES;
				INFOPLIST_KEY_UILaunchScreen_Generation = YES;
				INFOPLIST_KEY_UISupportedInterfaceOrientations_iPad = "UIInterfaceOrientationPortrait UIInterfaceOrientationPortraitUpsideDown UIInterfaceOrientationLandscapeLeft UIInterfaceOrientationLandscapeRight";
				INFOPLIST_KEY_UISupportedInterfaceOrientations_iPhone = "UIInterfaceOrientationPortrait UIInterfaceOrientationLandscapeLeft UIInterfaceOrientationLandscapeRight";
				LD_RUNPATH_SEARCH_PATHS = (
					"$(inherited)",
					"@executable_path/Frameworks",
				);
				MARKETING_VERSION = 1.0;
				PRODUCT_BUNDLE_IDENTIFIER = com.apple.MiniMCommerce;
				PRODUCT_NAME = "$(TARGET_NAME)";
				SWIFT_EMIT_LOC_STRINGS = YES;
				SWIFT_VERSION = 5.0;
				TARGETED_DEVICE_FAMILY = "1,2";
			};
			name = Debug;
		};
		C4F2FB672E0FD627005D995A /* Release */ = {
			isa = XCBuildConfiguration;
			buildSettings = {
				ASSETCATALOG_COMPILER_APPICON_NAME = AppIcon;
				ASSETCATALOG_COMPILER_GLOBAL_ACCENT_COLOR_NAME = AccentColor;
				CODE_SIGN_STYLE = Automatic;
				CURRENT_PROJECT_VERSION = 1;
				ENABLE_PREVIEWS = YES;
				GENERATE_INFOPLIST_FILE = YES;
				INFOPLIST_KEY_UIApplicationSceneManifest_Generation = YES;
				INFOPLIST_KEY_UIApplicationSupportsIndirectInputEvents = YES;
				INFOPLIST_KEY_UILaunchScreen_Generation = YES;
				INFOPLIST_KEY_UISupportedInterfaceOrientations_iPad = "UIInterfaceOrientationPortrait UIInterfaceOrientationPortraitUpsideDown UIInterfaceOrientationLandscapeLeft UIInterfaceOrientationLandscapeRight";
				INFOPLIST_KEY_UISupportedInterfaceOrientations_iPhone = "UIInterfaceOrientationPortrait UIInterfaceOrientationLandscapeLeft UIInterfaceOrientationLandscapeRight";
				LD_RUNPATH_SEARCH_PATHS = (
					"$(inherited)",
					"@executable_path/Frameworks",
				);
				MARKETING_VERSION = 1.0;
				PRODUCT_BUNDLE_IDENTIFIER = com.apple.MiniMCommerce;
				PRODUCT_NAME = "$(TARGET_NAME)";
				SWIFT_EMIT_LOC_STRINGS = YES;
				SWIFT_VERSION = 5.0;
				TARGETED_DEVICE_FAMILY = "1,2";
			};
			name = Release;
		};
		C4F2FB692E0FD627005D995A /* Debug */ = {
			isa = XCBuildConfiguration;
			buildSettings = {
				BUNDLE_LOADER = "$(TEST_HOST)";
				CODE_SIGN_STYLE = Automatic;
				CURRENT_PROJECT_VERSION = 1;
				GENERATE_INFOPLIST_FILE = YES;
				IPHONEOS_DEPLOYMENT_TARGET = 18.5;
				MARKETING_VERSION = 1.0;
				PRODUCT_BUNDLE_IDENTIFIER = com.apple.MiniMCommerceTests;
				PRODUCT_NAME = "$(TARGET_NAME)";
				SWIFT_EMIT_LOC_STRINGS = NO;
				SWIFT_VERSION = 5.0;
				TARGETED_DEVICE_FAMILY = "1,2";
				TEST_HOST = "$(BUILT_PRODUCTS_DIR)/MiniMCommerce.app/$(BUNDLE_EXECUTABLE_FOLDER_PATH)/MiniMCommerce";
			};
			name = Debug;
		};
		C4F2FB6A2E0FD627005D995A /* Release */ = {
			isa = XCBuildConfiguration;
			buildSettings = {
				BUNDLE_LOADER = "$(TEST_HOST)";
				CODE_SIGN_STYLE = Automatic;
				CURRENT_PROJECT_VERSION = 1;
				GENERATE_INFOPLIST_FILE = YES;
				IPHONEOS_DEPLOYMENT_TARGET = 18.5;
				MARKETING_VERSION = 1.0;
				PRODUCT_BUNDLE_IDENTIFIER = com.apple.MiniMCommerceTests;
				PRODUCT_NAME = "$(TARGET_NAME)";
				SWIFT_EMIT_LOC_STRINGS = NO;
				SWIFT_VERSION = 5.0;
				TARGETED_DEVICE_FAMILY = "1,2";
				TEST_HOST = "$(BUILT_PRODUCTS_DIR)/MiniMCommerce.app/$(BUNDLE_EXECUTABLE_FOLDER_PATH)/MiniMCommerce";
			};
			name = Release;
		};
		C4F2FB6C2E0FD627005D995A /* Debug */ = {
			isa = XCBuildConfiguration;
			buildSettings = {
				CODE_SIGN_STYLE = Automatic;
				CURRENT_PROJECT_VERSION = 1;
				GENERATE_INFOPLIST_FILE = YES;
				MARKETING_VERSION = 1.0;
				PRODUCT_BUNDLE_IDENTIFIER = com.apple.MiniMCommerceUITests;
				PRODUCT_NAME = "$(TARGET_NAME)";
				SWIFT_EMIT_LOC_STRINGS = NO;
				SWIFT_VERSION = 5.0;
				TARGETED_DEVICE_FAMILY = "1,2";
				TEST_TARGET_NAME = MiniMCommerce;
			};
			name = Debug;
		};
		C4F2FB6D2E0FD627005D995A /* Release */ = {
			isa = XCBuildConfiguration;
			buildSettings = {
				CODE_SIGN_STYLE = Automatic;
				CURRENT_PROJECT_VERSION = 1;
				GENERATE_INFOPLIST_FILE = YES;
				MARKETING_VERSION = 1.0;
				PRODUCT_BUNDLE_IDENTIFIER = com.apple.MiniMCommerceUITests;
				PRODUCT_NAME = "$(TARGET_NAME)";
				SWIFT_EMIT_LOC_STRINGS = NO;
				SWIFT_VERSION = 5.0;
				TARGETED_DEVICE_FAMILY = "1,2";
				TEST_TARGET_NAME = MiniMCommerce;
			};
			name = Release;
		};
/* End XCBuildConfiguration section */

/* Begin XCConfigurationList section */
		C4F2FB3A2E0FD624005D995A /* Build configuration list for PBXProject "MiniMCommerce" */ = {
			isa = XCConfigurationList;
			buildConfigurations = (
				C4F2FB632E0FD627005D995A /* Debug */,
				C4F2FB642E0FD627005D995A /* Release */,
			);
			defaultConfigurationIsVisible = 0;
			defaultConfigurationName = Release;
		};
		C4F2FB652E0FD627005D995A /* Build configuration list for PBXNativeTarget "MiniMCommerce" */ = {
			isa = XCConfigurationList;
			buildConfigurations = (
				C4F2FB662E0FD627005D995A /* Debug */,
				C4F2FB672E0FD627005D995A /* Release */,
			);
			defaultConfigurationIsVisible = 0;
			defaultConfigurationName = Release;
		};
		C4F2FB682E0FD627005D995A /* Build configuration list for PBXNativeTarget "MiniMCommerceTests" */ = {
			isa = XCConfigurationList;
			buildConfigurations = (
				C4F2FB692E0FD627005D995A /* Debug */,
				C4F2FB6A2E0FD627005D995A /* Release */,
			);
			defaultConfigurationIsVisible = 0;
			defaultConfigurationName = Release;
		};
		C4F2FB6B2E0FD627005D995A /* Build configuration list for PBXNativeTarget "MiniMCommerceUITests" */ = {
			isa = XCConfigurationList;
			buildConfigurations = (
				C4F2FB6C2E0FD627005D995A /* Debug */,
				C4F2FB6D2E0FD627005D995A /* Release */,
			);
			defaultConfigurationIsVisible = 0;
			defaultConfigurationName = Release;
		};
/* End XCConfigurationList section */
	};
	rootObject = C4F2FB372E0FD624005D995A /* Project object */;
}
